
Microsoft Visual Studio Solution File, Format Version 12.00
# Visual Studio Version 17
VisualStudioVersion = 17.10.35013.160
MinimumVisualStudioVersion = 10.0.40219.1
Project("{FAE04EC0-301F-11D3-BF4B-00C04F79EFBC}") = "QuanLyCuaHang", "QuanLyCuaHang\QuanLyCuaHang.csproj", "{DCFB27BF-7367-40DD-B762-CB84A617BDDB}"
EndProject
Global
	GlobalSection(SolutionConfigurationPlatforms) = preSolution
		Debug|Any CPU = Debug|Any CPU
		Release|Any CPU = Release|Any CPU
	EndGlobalSection
	GlobalSection(ProjectConfigurationPlatforms) = postSolution
		{DCFB27BF-7367-40DD-B762-CB84A617BDDB}.Debug|Any CPU.ActiveCfg = Debug|Any CPU
		{DCFB27BF-7367-40DD-B762-CB84A617BDDB}.Debug|Any CPU.Build.0 = Debug|Any CPU
		{DCFB27BF-7367-40DD-B762-CB84A617BDDB}.Release|Any CPU.ActiveCfg = Release|Any CPU
		{DCFB27BF-7367-40DD-B762-CB84A617BDDB}.Release|Any CPU.Build.0 = Release|Any CPU
	EndGlobalSection
	GlobalSection(SolutionProperties) = preSolution
		HideSolutionNode = FALSE
	EndGlobalSection
	GlobalSection(ExtensibilityGlobals) = postSolution
		SolutionGuid = {93BE847D-1E5A-4B22-AD7C-70804B44868D}
	EndGlobalSection
EndGlobal
